
Microsoft Visual Studio Solution File, Format Version 12.00
# Visual Studio Version 17
VisualStudioVersion = 17.5.002.0
MinimumVisualStudioVersion = 10.0.40219.1
Project("{9A19103F-16F7-4668-BE54-9A1E7A4F7556}") = "getting_started", "getting_started.csproj", "{79CEB4F3-BC59-4E77-9B7E-3FC8E4A7C33F}"
EndProject
Global
	GlobalSection(SolutionConfigurationPlatforms) = preSolution
		Debug|Any CPU = Debug|Any CPU
		Release|Any CPU = Release|Any CPU
	EndGlobalSection
	GlobalSection(ProjectConfigurationPlatforms) = postSolution
		{79CEB4F3-BC59-4E77-9B7E-3FC8E4A7C33F}.Debug|Any CPU.ActiveCfg = Debug|Any CPU
		{79CEB4F3-BC59-4E77-9B7E-3FC8E4A7C33F}.Debug|Any CPU.Build.0 = Debug|Any CPU
		{79CEB4F3-BC59-4E77-9B7E-3FC8E4A7C33F}.Release|Any CPU.ActiveCfg = Release|Any CPU
		{79CEB4F3-BC59-4E77-9B7E-3FC8E4A7C33F}.Release|Any CPU.Build.0 = Release|Any CPU
	EndGlobalSection
	GlobalSection(SolutionProperties) = preSolution
		HideSolutionNode = FALSE
	EndGlobalSection
	GlobalSection(ExtensibilityGlobals) = postSolution
		SolutionGuid = {0952D15C-C7C6-46F5-93F1-B4A5C98C3A74}
	EndGlobalSection
EndGlobal
